// !$*UTF8*$!
{
	archiveVersion = 1;
	classes = {
	};
	objectVersion = 55;
	objects = {

/* Begin PBXBuildFile section */
		0E82BBCB2705C63A00BD6434 /* main.swift in Sources */ = {isa = PBXBuildFile; fileRef = 0E82BBCA2705C63A00BD6434 /* main.swift */; };
		0E82BBD62705C6CF00BD6434 /* CelsiusTemperatureRange.swift in Sources */ = {isa = PBXBuildFile; fileRef = 0E82BBD52705C6CF00BD6434 /* CelsiusTemperatureRange.swift */; };
		0E82BBD82705C87F00BD6434 /* Prediction.swift in Sources */ = {isa = PBXBuildFile; fileRef = 0E82BBD72705C87F00BD6434 /* Prediction.swift */; };
		0E82BBDA2705CC7500BD6434 /* WeatherPredictionGenerator.swift in Sources */ = {isa = PBXBuildFile; fileRef = 0E82BBD92705CC7500BD6434 /* WeatherPredictionGenerator.swift */; };
		0E82BBDC2705CCC400BD6434 /* WeatherCondition.swift in Sources */ = {isa = PBXBuildFile; fileRef = 0E82BBDB2705CCC400BD6434 /* WeatherCondition.swift */; };
		0E82BBE02705D8E300BD6434 /* WeatherViewModel.swift in Sources */ = {isa = PBXBuildFile; fileRef = 0E82BBDF2705D8E300BD6434 /* WeatherViewModel.swift */; };
		0E8F080927088FD000FBF026 /* iOSApp.swift in Sources */ = {isa = PBXBuildFile; fileRef = 0E8F080827088FD000FBF026 /* iOSApp.swift */; };
		0E8F080B27088FD000FBF026 /* ContentView.swift in Sources */ = {isa = PBXBuildFile; fileRef = 0E8F080A27088FD000FBF026 /* ContentView.swift */; };
		0E8F080D27088FD100FBF026 /* Assets.xcassets in Resources */ = {isa = PBXBuildFile; fileRef = 0E8F080C27088FD100FBF026 /* Assets.xcassets */; };
		0E8F081027088FD100FBF026 /* Preview Assets.xcassets in Resources */ = {isa = PBXBuildFile; fileRef = 0E8F080F27088FD100FBF026 /* Preview Assets.xcassets */; };
		0E8F081527088FFE00FBF026 /* CelsiusTemperatureRange.swift in Sources */ = {isa = PBXBuildFile; fileRef = 0E82BBD52705C6CF00BD6434 /* CelsiusTemperatureRange.swift */; };
		0E8F081627088FFE00FBF026 /* Prediction.swift in Sources */ = {isa = PBXBuildFile; fileRef = 0E82BBD72705C87F00BD6434 /* Prediction.swift */; };
		0E8F081727088FFE00FBF026 /* WeatherCondition.swift in Sources */ = {isa = PBXBuildFile; fileRef = 0E82BBDB2705CCC400BD6434 /* WeatherCondition.swift */; };
		0E8F081827088FFE00FBF026 /* WeatherPredictionGenerator.swift in Sources */ = {isa = PBXBuildFile; fileRef = 0E82BBD92705CC7500BD6434 /* WeatherPredictionGenerator.swift */; };
		0E8F081927088FFE00FBF026 /* WeatherViewModel.swift in Sources */ = {isa = PBXBuildFile; fileRef = 0E82BBDF2705D8E300BD6434 /* WeatherViewModel.swift */; };
		0E8F081B2708905400FBF026 /* HistoryView.swift in Sources */ = {isa = PBXBuildFile; fileRef = 0E8F081A2708905400FBF026 /* HistoryView.swift */; };
		FB7D037A270B82A500412D90 /* watchOS WatchKit App.app in Embed Watch Content */ = {isa = PBXBuildFile; fileRef = FB7D0379270B82A500412D90 /* watchOS WatchKit App.app */; settings = {ATTRIBUTES = (RemoveHeadersOnCopy, ); }; };
		FB7D037F270B82B400412D90 /* Assets.xcassets in Resources */ = {isa = PBXBuildFile; fileRef = FB7D037E270B82B400412D90 /* Assets.xcassets */; };
		FB7D0385270B82B500412D90 /* watchOS WatchKit Extension.appex in Embed App Extensions */ = {isa = PBXBuildFile; fileRef = FB7D0384270B82B500412D90 /* watchOS WatchKit Extension.appex */; settings = {ATTRIBUTES = (RemoveHeadersOnCopy, ); }; };
		FB7D038C270B82B500412D90 /* WeatherApp.swift in Sources */ = {isa = PBXBuildFile; fileRef = FB7D038B270B82B500412D90 /* WeatherApp.swift */; };
		FB7D038E270B82B500412D90 /* ComplicationController.swift in Sources */ = {isa = PBXBuildFile; fileRef = FB7D038D270B82B500412D90 /* ComplicationController.swift */; };
		FB7D0390270B82BC00412D90 /* Assets.xcassets in Resources */ = {isa = PBXBuildFile; fileRef = FB7D038F270B82BC00412D90 /* Assets.xcassets */; };
		FB7D0393270B82BC00412D90 /* Preview Assets.xcassets in Resources */ = {isa = PBXBuildFile; fileRef = FB7D0392270B82BC00412D90 /* Preview Assets.xcassets */; };
		FB7D03A2270B888300412D90 /* ContentView.swift in Sources */ = {isa = PBXBuildFile; fileRef = 0E8F080A27088FD000FBF026 /* ContentView.swift */; };
		FB7D03A3270B888700412D90 /* HistoryView.swift in Sources */ = {isa = PBXBuildFile; fileRef = 0E8F081A2708905400FBF026 /* HistoryView.swift */; };
		FB7D03A4270B888D00412D90 /* WeatherViewModel.swift in Sources */ = {isa = PBXBuildFile; fileRef = 0E82BBDF2705D8E300BD6434 /* WeatherViewModel.swift */; };
		FB7D03A5270B896C00412D90 /* main.swift in Sources */ = {isa = PBXBuildFile; fileRef = 0E82BBCA2705C63A00BD6434 /* main.swift */; };
		FB7D03A6270B8B0D00412D90 /* CelsiusTemperatureRange.swift in Sources */ = {isa = PBXBuildFile; fileRef = 0E82BBD52705C6CF00BD6434 /* CelsiusTemperatureRange.swift */; };
		FB7D03A7270B8B0D00412D90 /* Prediction.swift in Sources */ = {isa = PBXBuildFile; fileRef = 0E82BBD72705C87F00BD6434 /* Prediction.swift */; };
		FB7D03A8270B8B0D00412D90 /* WeatherCondition.swift in Sources */ = {isa = PBXBuildFile; fileRef = 0E82BBDB2705CCC400BD6434 /* WeatherCondition.swift */; };
		FB7D03A9270B8B0D00412D90 /* WeatherPredictionGenerator.swift in Sources */ = {isa = PBXBuildFile; fileRef = 0E82BBD92705CC7500BD6434 /* WeatherPredictionGenerator.swift */; };
/* End PBXBuildFile section */

/* Begin PBXContainerItemProxy section */
		FB7D037B270B82A500412D90 /* PBXContainerItemProxy */ = {
			isa = PBXContainerItemProxy;
			containerPortal = 0E82BBBF2705C63A00BD6434 /* Project object */;
			proxyType = 1;
			remoteGlobalIDString = FB7D0378270B82A500412D90;
			remoteInfo = "watchOS WatchKit App";
		};
		FB7D0386270B82B500412D90 /* PBXContainerItemProxy */ = {
			isa = PBXContainerItemProxy;
			containerPortal = 0E82BBBF2705C63A00BD6434 /* Project object */;
			proxyType = 1;
			remoteGlobalIDString = FB7D0383270B82B500412D90;
			remoteInfo = "watchOS WatchKit Extension";
		};
/* End PBXContainerItemProxy section */

/* Begin PBXCopyFilesBuildPhase section */
		0E82BBC52705C63A00BD6434 /* CopyFiles */ = {
			isa = PBXCopyFilesBuildPhase;
			buildActionMask = 2147483647;
			dstPath = /usr/share/man/man1/;
			dstSubfolderSpec = 0;
			files = (
			);
			runOnlyForDeploymentPostprocessing = 1;
		};
		FB7D0397270B82BC00412D90 /* Embed Watch Content */ = {
			isa = PBXCopyFilesBuildPhase;
			buildActionMask = 2147483647;
			dstPath = "$(CONTENTS_FOLDER_PATH)/Watch";
			dstSubfolderSpec = 16;
			files = (
				FB7D037A270B82A500412D90 /* watchOS WatchKit App.app in Embed Watch Content */,
			);
			name = "Embed Watch Content";
			runOnlyForDeploymentPostprocessing = 0;
		};
		FB7D039A270B82BC00412D90 /* Embed App Extensions */ = {
			isa = PBXCopyFilesBuildPhase;
			buildActionMask = 2147483647;
			dstPath = "";
			dstSubfolderSpec = 13;
			files = (
				FB7D0385270B82B500412D90 /* watchOS WatchKit Extension.appex in Embed App Extensions */,
			);
			name = "Embed App Extensions";
			runOnlyForDeploymentPostprocessing = 0;
		};
/* End PBXCopyFilesBuildPhase section */

/* Begin PBXFileReference section */
		0E82BBC72705C63A00BD6434 /* Weather */ = {isa = PBXFileReference; explicitFileType = "compiled.mach-o.executable"; includeInIndex = 0; path = Weather; sourceTree = BUILT_PRODUCTS_DIR; };
		0E82BBCA2705C63A00BD6434 /* main.swift */ = {isa = PBXFileReference; lastKnownFileType = sourcecode.swift; path = main.swift; sourceTree = "<group>"; };
		0E82BBD52705C6CF00BD6434 /* CelsiusTemperatureRange.swift */ = {isa = PBXFileReference; lastKnownFileType = sourcecode.swift; path = CelsiusTemperatureRange.swift; sourceTree = "<group>"; };
		0E82BBD72705C87F00BD6434 /* Prediction.swift */ = {isa = PBXFileReference; lastKnownFileType = sourcecode.swift; path = Prediction.swift; sourceTree = "<group>"; };
		0E82BBD92705CC7500BD6434 /* WeatherPredictionGenerator.swift */ = {isa = PBXFileReference; lastKnownFileType = sourcecode.swift; path = WeatherPredictionGenerator.swift; sourceTree = "<group>"; };
		0E82BBDB2705CCC400BD6434 /* WeatherCondition.swift */ = {isa = PBXFileReference; lastKnownFileType = sourcecode.swift; path = WeatherCondition.swift; sourceTree = "<group>"; };
		0E82BBDF2705D8E300BD6434 /* WeatherViewModel.swift */ = {isa = PBXFileReference; lastKnownFileType = sourcecode.swift; path = WeatherViewModel.swift; sourceTree = "<group>"; };
		0E8F080627088FD000FBF026 /* iOS.app */ = {isa = PBXFileReference; explicitFileType = wrapper.application; includeInIndex = 0; path = iOS.app; sourceTree = BUILT_PRODUCTS_DIR; };
		0E8F080827088FD000FBF026 /* iOSApp.swift */ = {isa = PBXFileReference; lastKnownFileType = sourcecode.swift; path = iOSApp.swift; sourceTree = "<group>"; };
		0E8F080A27088FD000FBF026 /* ContentView.swift */ = {isa = PBXFileReference; lastKnownFileType = sourcecode.swift; path = ContentView.swift; sourceTree = "<group>"; };
		0E8F080C27088FD100FBF026 /* Assets.xcassets */ = {isa = PBXFileReference; lastKnownFileType = folder.assetcatalog; path = Assets.xcassets; sourceTree = "<group>"; };
		0E8F080F27088FD100FBF026 /* Preview Assets.xcassets */ = {isa = PBXFileReference; lastKnownFileType = folder.assetcatalog; path = "Preview Assets.xcassets"; sourceTree = "<group>"; };
		0E8F081A2708905400FBF026 /* HistoryView.swift */ = {isa = PBXFileReference; lastKnownFileType = sourcecode.swift; path = HistoryView.swift; sourceTree = "<group>"; };
		FB7D0376270B82A300412D90 /* watchOS.app */ = {isa = PBXFileReference; explicitFileType = wrapper.application; includeInIndex = 0; path = watchOS.app; sourceTree = BUILT_PRODUCTS_DIR; };
		FB7D0379270B82A500412D90 /* watchOS WatchKit App.app */ = {isa = PBXFileReference; explicitFileType = wrapper.application; includeInIndex = 0; path = "watchOS WatchKit App.app"; sourceTree = BUILT_PRODUCTS_DIR; };
		FB7D037E270B82B400412D90 /* Assets.xcassets */ = {isa = PBXFileReference; lastKnownFileType = folder.assetcatalog; path = Assets.xcassets; sourceTree = "<group>"; };
		FB7D0384270B82B500412D90 /* watchOS WatchKit Extension.appex */ = {isa = PBXFileReference; explicitFileType = "wrapper.app-extension"; includeInIndex = 0; path = "watchOS WatchKit Extension.appex"; sourceTree = BUILT_PRODUCTS_DIR; };
		FB7D038B270B82B500412D90 /* WeatherApp.swift */ = {isa = PBXFileReference; lastKnownFileType = sourcecode.swift; path = WeatherApp.swift; sourceTree = "<group>"; };
		FB7D038D270B82B500412D90 /* ComplicationController.swift */ = {isa = PBXFileReference; lastKnownFileType = sourcecode.swift; path = ComplicationController.swift; sourceTree = "<group>"; };
		FB7D038F270B82BC00412D90 /* Assets.xcassets */ = {isa = PBXFileReference; lastKnownFileType = folder.assetcatalog; path = Assets.xcassets; sourceTree = "<group>"; };
		FB7D0392270B82BC00412D90 /* Preview Assets.xcassets */ = {isa = PBXFileReference; lastKnownFileType = folder.assetcatalog; path = "Preview Assets.xcassets"; sourceTree = "<group>"; };
		FB7D0394270B82BC00412D90 /* Info.plist */ = {isa = PBXFileReference; lastKnownFileType = text.plist.xml; path = Info.plist; sourceTree = "<group>"; };
/* End PBXFileReference section */

/* Begin PBXFrameworksBuildPhase section */
		0E82BBC42705C63A00BD6434 /* Frameworks */ = {
			isa = PBXFrameworksBuildPhase;
			buildActionMask = 2147483647;
			files = (
			);
			runOnlyForDeploymentPostprocessing = 0;
		};
		0E8F080327088FD000FBF026 /* Frameworks */ = {
			isa = PBXFrameworksBuildPhase;
			buildActionMask = 2147483647;
			files = (
			);
			runOnlyForDeploymentPostprocessing = 0;
		};
		FB7D0381270B82B500412D90 /* Frameworks */ = {
			isa = PBXFrameworksBuildPhase;
			buildActionMask = 2147483647;
			files = (
			);
			runOnlyForDeploymentPostprocessing = 0;
		};
/* End PBXFrameworksBuildPhase section */

/* Begin PBXGroup section */
		0E82BBBE2705C63A00BD6434 = {
			isa = PBXGroup;
			children = (
				0E82BBD12705C64900BD6434 /* Shared */,
				0E82BBC92705C63A00BD6434 /* macOS */,
				0E8F080727088FD000FBF026 /* iOS */,
				FB7D037D270B82A500412D90 /* watchOS WatchKit App */,
				FB7D0388270B82B500412D90 /* watchOS WatchKit Extension */,
				0E82BBC82705C63A00BD6434 /* Products */,
			);
			sourceTree = "<group>";
		};
		0E82BBC82705C63A00BD6434 /* Products */ = {
			isa = PBXGroup;
			children = (
				0E82BBC72705C63A00BD6434 /* Weather */,
				0E8F080627088FD000FBF026 /* iOS.app */,
				FB7D0376270B82A300412D90 /* watchOS.app */,
				FB7D0379270B82A500412D90 /* watchOS WatchKit App.app */,
				FB7D0384270B82B500412D90 /* watchOS WatchKit Extension.appex */,
			);
			name = Products;
			sourceTree = "<group>";
		};
		0E82BBC92705C63A00BD6434 /* macOS */ = {
			isa = PBXGroup;
			children = (
			);
			path = macOS;
			sourceTree = "<group>";
		};
		0E82BBD12705C64900BD6434 /* Shared */ = {
			isa = PBXGroup;
			children = (
				FB7D03A0270B832D00412D90 /* Views */,
				0E82BBD22705C65000BD6434 /* Model */,
				0E82BBD32705C65800BD6434 /* ViewModels */,
			);
			path = Shared;
			sourceTree = "<group>";
		};
		0E82BBD22705C65000BD6434 /* Model */ = {
			isa = PBXGroup;
			children = (
				0E82BBD52705C6CF00BD6434 /* CelsiusTemperatureRange.swift */,
				0E82BBD72705C87F00BD6434 /* Prediction.swift */,
				0E82BBDB2705CCC400BD6434 /* WeatherCondition.swift */,
				0E82BBD92705CC7500BD6434 /* WeatherPredictionGenerator.swift */,
			);
			path = Model;
			sourceTree = "<group>";
		};
		0E82BBD32705C65800BD6434 /* ViewModels */ = {
			isa = PBXGroup;
			children = (
				0E82BBDF2705D8E300BD6434 /* WeatherViewModel.swift */,
			);
			path = ViewModels;
			sourceTree = "<group>";
		};
		0E8F080127088FA600FBF026 /* Views */ = {
			isa = PBXGroup;
			children = (
				0E82BBCA2705C63A00BD6434 /* main.swift */,
			);
			path = Views;
			sourceTree = "<group>";
		};
		0E8F080727088FD000FBF026 /* iOS */ = {
			isa = PBXGroup;
			children = (
				0E8F080827088FD000FBF026 /* iOSApp.swift */,
				0E8F080C27088FD100FBF026 /* Assets.xcassets */,
				0E8F080E27088FD100FBF026 /* Preview Content */,
			);
			path = iOS;
			sourceTree = "<group>";
		};
		0E8F080E27088FD100FBF026 /* Preview Content */ = {
			isa = PBXGroup;
			children = (
				0E8F080F27088FD100FBF026 /* Preview Assets.xcassets */,
			);
			path = "Preview Content";
			sourceTree = "<group>";
		};
		0E8F081427088FD800FBF026 /* Views */ = {
			isa = PBXGroup;
			children = (
				0E8F080A27088FD000FBF026 /* ContentView.swift */,
				0E8F081A2708905400FBF026 /* HistoryView.swift */,
			);
			name = Views;
			path = ../../iOS/Views;
			sourceTree = "<group>";
		};
		FB7D037D270B82A500412D90 /* watchOS WatchKit App */ = {
			isa = PBXGroup;
			children = (
				FB7D037E270B82B400412D90 /* Assets.xcassets */,
			);
			path = "watchOS WatchKit App";
			sourceTree = "<group>";
		};
		FB7D0388270B82B500412D90 /* watchOS WatchKit Extension */ = {
			isa = PBXGroup;
			children = (
				FB7D038B270B82B500412D90 /* WeatherApp.swift */,
				FB7D038D270B82B500412D90 /* ComplicationController.swift */,
				FB7D038F270B82BC00412D90 /* Assets.xcassets */,
				FB7D0394270B82BC00412D90 /* Info.plist */,
				FB7D0391270B82BC00412D90 /* Preview Content */,
			);
			path = "watchOS WatchKit Extension";
			sourceTree = "<group>";
		};
		FB7D0391270B82BC00412D90 /* Preview Content */ = {
			isa = PBXGroup;
			children = (
				FB7D0392270B82BC00412D90 /* Preview Assets.xcassets */,
			);
			path = "Preview Content";
			sourceTree = "<group>";
		};
		FB7D03A0270B832D00412D90 /* Views */ = {
			isa = PBXGroup;
			children = (
				0E8F081427088FD800FBF026 /* Views */,
				0E8F080127088FA600FBF026 /* Views */,
			);
			path = Views;
			sourceTree = "<group>";
		};
/* End PBXGroup section */

/* Begin PBXNativeTarget section */
		0E82BBC62705C63A00BD6434 /* Weather */ = {
			isa = PBXNativeTarget;
			buildConfigurationList = 0E82BBCE2705C63A00BD6434 /* Build configuration list for PBXNativeTarget "Weather" */;
			buildPhases = (
				0E82BBC32705C63A00BD6434 /* Sources */,
				0E82BBC42705C63A00BD6434 /* Frameworks */,
				0E82BBC52705C63A00BD6434 /* CopyFiles */,
			);
			buildRules = (
			);
			dependencies = (
			);
			name = Weather;
			productName = Weather;
			productReference = 0E82BBC72705C63A00BD6434 /* Weather */;
			productType = "com.apple.product-type.tool";
		};
		0E8F080527088FD000FBF026 /* iOS */ = {
			isa = PBXNativeTarget;
			buildConfigurationList = 0E8F081127088FD100FBF026 /* Build configuration list for PBXNativeTarget "iOS" */;
			buildPhases = (
				0E8F080227088FD000FBF026 /* Sources */,
				0E8F080327088FD000FBF026 /* Frameworks */,
				0E8F080427088FD000FBF026 /* Resources */,
			);
			buildRules = (
			);
			dependencies = (
			);
			name = iOS;
			productName = iOS;
			productReference = 0E8F080627088FD000FBF026 /* iOS.app */;
			productType = "com.apple.product-type.application";
		};
		FB7D0375270B82A300412D90 /* watchOS */ = {
			isa = PBXNativeTarget;
			buildConfigurationList = FB7D039F270B82BC00412D90 /* Build configuration list for PBXNativeTarget "watchOS" */;
			buildPhases = (
				FB7D0374270B82A300412D90 /* Resources */,
				FB7D0397270B82BC00412D90 /* Embed Watch Content */,
			);
			buildRules = (
			);
			dependencies = (
				FB7D037C270B82A500412D90 /* PBXTargetDependency */,
			);
			name = watchOS;
			productName = watchOS;
			productReference = FB7D0376270B82A300412D90 /* watchOS.app */;
			productType = "com.apple.product-type.application.watchapp2-container";
		};
		FB7D0378270B82A500412D90 /* watchOS WatchKit App */ = {
			isa = PBXNativeTarget;
			buildConfigurationList = FB7D039E270B82BC00412D90 /* Build configuration list for PBXNativeTarget "watchOS WatchKit App" */;
			buildPhases = (
				FB7D0377270B82A500412D90 /* Resources */,
				FB7D039A270B82BC00412D90 /* Embed App Extensions */,
			);
			buildRules = (
			);
			dependencies = (
				FB7D0387270B82B500412D90 /* PBXTargetDependency */,
			);
			name = "watchOS WatchKit App";
			productName = "watchOS WatchKit App";
			productReference = FB7D0379270B82A500412D90 /* watchOS WatchKit App.app */;
			productType = "com.apple.product-type.application.watchapp2";
		};
		FB7D0383270B82B500412D90 /* watchOS WatchKit Extension */ = {
			isa = PBXNativeTarget;
			buildConfigurationList = FB7D039D270B82BC00412D90 /* Build configuration list for PBXNativeTarget "watchOS WatchKit Extension" */;
			buildPhases = (
				FB7D0380270B82B500412D90 /* Sources */,
				FB7D0381270B82B500412D90 /* Frameworks */,
				FB7D0382270B82B500412D90 /* Resources */,
			);
			buildRules = (
			);
			dependencies = (
			);
			name = "watchOS WatchKit Extension";
			productName = "watchOS WatchKit Extension";
			productReference = FB7D0384270B82B500412D90 /* watchOS WatchKit Extension.appex */;
			productType = "com.apple.product-type.watchkit2-extension";
		};
/* End PBXNativeTarget section */

/* Begin PBXProject section */
		0E82BBBF2705C63A00BD6434 /* Project object */ = {
			isa = PBXProject;
			attributes = {
				BuildIndependentTargetsInParallel = 1;
				LastSwiftUpdateCheck = 1300;
				LastUpgradeCheck = 1300;
				TargetAttributes = {
					0E82BBC62705C63A00BD6434 = {
						CreatedOnToolsVersion = 13.0;
					};
					0E8F080527088FD000FBF026 = {
						CreatedOnToolsVersion = 13.0;
					};
					FB7D0375270B82A300412D90 = {
						CreatedOnToolsVersion = 13.0;
					};
					FB7D0378270B82A500412D90 = {
						CreatedOnToolsVersion = 13.0;
					};
					FB7D0383270B82B500412D90 = {
						CreatedOnToolsVersion = 13.0;
					};
				};
			};
			buildConfigurationList = 0E82BBC22705C63A00BD6434 /* Build configuration list for PBXProject "Weather" */;
			compatibilityVersion = "Xcode 13.0";
			developmentRegion = en;
			hasScannedForEncodings = 0;
			knownRegions = (
				en,
				Base,
			);
			mainGroup = 0E82BBBE2705C63A00BD6434;
			productRefGroup = 0E82BBC82705C63A00BD6434 /* Products */;
			projectDirPath = "";
			projectRoot = "";
			targets = (
				0E82BBC62705C63A00BD6434 /* Weather */,
				0E8F080527088FD000FBF026 /* iOS */,
				FB7D0375270B82A300412D90 /* watchOS */,
				FB7D0378270B82A500412D90 /* watchOS WatchKit App */,
				FB7D0383270B82B500412D90 /* watchOS WatchKit Extension */,
			);
		};
/* End PBXProject section */

/* Begin PBXResourcesBuildPhase section */
		0E8F080427088FD000FBF026 /* Resources */ = {
			isa = PBXResourcesBuildPhase;
			buildActionMask = 2147483647;
			files = (
				0E8F081027088FD100FBF026 /* Preview Assets.xcassets in Resources */,
				0E8F080D27088FD100FBF026 /* Assets.xcassets in Resources */,
			);
			runOnlyForDeploymentPostprocessing = 0;
		};
		FB7D0374270B82A300412D90 /* Resources */ = {
			isa = PBXResourcesBuildPhase;
			buildActionMask = 2147483647;
			files = (
			);
			runOnlyForDeploymentPostprocessing = 0;
		};
		FB7D0377270B82A500412D90 /* Resources */ = {
			isa = PBXResourcesBuildPhase;
			buildActionMask = 2147483647;
			files = (
				FB7D037F270B82B400412D90 /* Assets.xcassets in Resources */,
			);
			runOnlyForDeploymentPostprocessing = 0;
		};
		FB7D0382270B82B500412D90 /* Resources */ = {
			isa = PBXResourcesBuildPhase;
			buildActionMask = 2147483647;
			files = (
				FB7D0393270B82BC00412D90 /* Preview Assets.xcassets in Resources */,
				FB7D0390270B82BC00412D90 /* Assets.xcassets in Resources */,
			);
			runOnlyForDeploymentPostprocessing = 0;
		};
/* End PBXResourcesBuildPhase section */

/* Begin PBXSourcesBuildPhase section */
		0E82BBC32705C63A00BD6434 /* Sources */ = {
			isa = PBXSourcesBuildPhase;
			buildActionMask = 2147483647;
			files = (
				0E82BBDA2705CC7500BD6434 /* WeatherPredictionGenerator.swift in Sources */,
				0E82BBE02705D8E300BD6434 /* WeatherViewModel.swift in Sources */,
				0E82BBD62705C6CF00BD6434 /* CelsiusTemperatureRange.swift in Sources */,
				0E82BBDC2705CCC400BD6434 /* WeatherCondition.swift in Sources */,
				0E82BBCB2705C63A00BD6434 /* main.swift in Sources */,
				0E82BBD82705C87F00BD6434 /* Prediction.swift in Sources */,
			);
			runOnlyForDeploymentPostprocessing = 0;
		};
		0E8F080227088FD000FBF026 /* Sources */ = {
			isa = PBXSourcesBuildPhase;
			buildActionMask = 2147483647;
			files = (
				0E8F081527088FFE00FBF026 /* CelsiusTemperatureRange.swift in Sources */,
				0E8F081B2708905400FBF026 /* HistoryView.swift in Sources */,
				0E8F081627088FFE00FBF026 /* Prediction.swift in Sources */,
				0E8F081727088FFE00FBF026 /* WeatherCondition.swift in Sources */,
				0E8F081827088FFE00FBF026 /* WeatherPredictionGenerator.swift in Sources */,
				0E8F081927088FFE00FBF026 /* WeatherViewModel.swift in Sources */,
				0E8F080B27088FD000FBF026 /* ContentView.swift in Sources */,
				0E8F080927088FD000FBF026 /* iOSApp.swift in Sources */,
			);
			runOnlyForDeploymentPostprocessing = 0;
		};
		FB7D0380270B82B500412D90 /* Sources */ = {
			isa = PBXSourcesBuildPhase;
			buildActionMask = 2147483647;
			files = (
				FB7D03A6270B8B0D00412D90 /* CelsiusTemperatureRange.swift in Sources */,
				FB7D03A7270B8B0D00412D90 /* Prediction.swift in Sources */,
				FB7D03A8270B8B0D00412D90 /* WeatherCondition.swift in Sources */,
				FB7D03A9270B8B0D00412D90 /* WeatherPredictionGenerator.swift in Sources */,
				FB7D03A5270B896C00412D90 /* main.swift in Sources */,
				FB7D03A4270B888D00412D90 /* WeatherViewModel.swift in Sources */,
				FB7D03A3270B888700412D90 /* HistoryView.swift in Sources */,
				FB7D03A2270B888300412D90 /* ContentView.swift in Sources */,
				FB7D038C270B82B500412D90 /* WeatherApp.swift in Sources */,
				FB7D038E270B82B500412D90 /* ComplicationController.swift in Sources */,
			);
			runOnlyForDeploymentPostprocessing = 0;
		};
/* End PBXSourcesBuildPhase section */

/* Begin PBXTargetDependency section */
		FB7D037C270B82A500412D90 /* PBXTargetDependency */ = {
			isa = PBXTargetDependency;
			target = FB7D0378270B82A500412D90 /* watchOS WatchKit App */;
			targetProxy = FB7D037B270B82A500412D90 /* PBXContainerItemProxy */;
		};
		FB7D0387270B82B500412D90 /* PBXTargetDependency */ = {
			isa = PBXTargetDependency;
			target = FB7D0383270B82B500412D90 /* watchOS WatchKit Extension */;
			targetProxy = FB7D0386270B82B500412D90 /* PBXContainerItemProxy */;
		};
/* End PBXTargetDependency section */

/* Begin XCBuildConfiguration section */
		0E82BBCC2705C63A00BD6434 /* Debug */ = {
			isa = XCBuildConfiguration;
			buildSettings = {
				ALWAYS_SEARCH_USER_PATHS = NO;
				CLANG_ANALYZER_NONNULL = YES;
				CLANG_ANALYZER_NUMBER_OBJECT_CONVERSION = YES_AGGRESSIVE;
				CLANG_CXX_LANGUAGE_STANDARD = "gnu++17";
				CLANG_CXX_LIBRARY = "libc++";
				CLANG_ENABLE_MODULES = YES;
				CLANG_ENABLE_OBJC_ARC = YES;
				CLANG_ENABLE_OBJC_WEAK = YES;
				CLANG_WARN_BLOCK_CAPTURE_AUTORELEASING = YES;
				CLANG_WARN_BOOL_CONVERSION = YES;
				CLANG_WARN_COMMA = YES;
				CLANG_WARN_CONSTANT_CONVERSION = YES;
				CLANG_WARN_DEPRECATED_OBJC_IMPLEMENTATIONS = YES;
				CLANG_WARN_DIRECT_OBJC_ISA_USAGE = YES_ERROR;
				CLANG_WARN_DOCUMENTATION_COMMENTS = YES;
				CLANG_WARN_EMPTY_BODY = YES;
				CLANG_WARN_ENUM_CONVERSION = YES;
				CLANG_WARN_INFINITE_RECURSION = YES;
				CLANG_WARN_INT_CONVERSION = YES;
				CLANG_WARN_NON_LITERAL_NULL_CONVERSION = YES;
				CLANG_WARN_OBJC_IMPLICIT_RETAIN_SELF = YES;
				CLANG_WARN_OBJC_LITERAL_CONVERSION = YES;
				CLANG_WARN_OBJC_ROOT_CLASS = YES_ERROR;
				CLANG_WARN_QUOTED_INCLUDE_IN_FRAMEWORK_HEADER = YES;
				CLANG_WARN_RANGE_LOOP_ANALYSIS = YES;
				CLANG_WARN_STRICT_PROTOTYPES = YES;
				CLANG_WARN_SUSPICIOUS_MOVE = YES;
				CLANG_WARN_UNGUARDED_AVAILABILITY = YES_AGGRESSIVE;
				CLANG_WARN_UNREACHABLE_CODE = YES;
				CLANG_WARN__DUPLICATE_METHOD_MATCH = YES;
				COPY_PHASE_STRIP = NO;
				DEBUG_INFORMATION_FORMAT = dwarf;
				ENABLE_STRICT_OBJC_MSGSEND = YES;
				ENABLE_TESTABILITY = YES;
				GCC_C_LANGUAGE_STANDARD = gnu11;
				GCC_DYNAMIC_NO_PIC = NO;
				GCC_NO_COMMON_BLOCKS = YES;
				GCC_OPTIMIZATION_LEVEL = 0;
				GCC_PREPROCESSOR_DEFINITIONS = (
					"DEBUG=1",
					"$(inherited)",
				);
				GCC_WARN_64_TO_32_BIT_CONVERSION = YES;
				GCC_WARN_ABOUT_RETURN_TYPE = YES_ERROR;
				GCC_WARN_UNDECLARED_SELECTOR = YES;
				GCC_WARN_UNINITIALIZED_AUTOS = YES_AGGRESSIVE;
				GCC_WARN_UNUSED_FUNCTION = YES;
				GCC_WARN_UNUSED_VARIABLE = YES;
				MACOSX_DEPLOYMENT_TARGET = 11.3;
				MTL_ENABLE_DEBUG_INFO = INCLUDE_SOURCE;
				MTL_FAST_MATH = YES;
				ONLY_ACTIVE_ARCH = YES;
				SDKROOT = macosx;
				SWIFT_ACTIVE_COMPILATION_CONDITIONS = DEBUG;
				SWIFT_OPTIMIZATION_LEVEL = "-Onone";
			};
			name = Debug;
		};
		0E82BBCD2705C63A00BD6434 /* Release */ = {
			isa = XCBuildConfiguration;
			buildSettings = {
				ALWAYS_SEARCH_USER_PATHS = NO;
				CLANG_ANALYZER_NONNULL = YES;
				CLANG_ANALYZER_NUMBER_OBJECT_CONVERSION = YES_AGGRESSIVE;
				CLANG_CXX_LANGUAGE_STANDARD = "gnu++17";
				CLANG_CXX_LIBRARY = "libc++";
				CLANG_ENABLE_MODULES = YES;
				CLANG_ENABLE_OBJC_ARC = YES;
				CLANG_ENABLE_OBJC_WEAK = YES;
				CLANG_WARN_BLOCK_CAPTURE_AUTORELEASING = YES;
				CLANG_WARN_BOOL_CONVERSION = YES;
				CLANG_WARN_COMMA = YES;
				CLANG_WARN_CONSTANT_CONVERSION = YES;
				CLANG_WARN_DEPRECATED_OBJC_IMPLEMENTATIONS = YES;
				CLANG_WARN_DIRECT_OBJC_ISA_USAGE = YES_ERROR;
				CLANG_WARN_DOCUMENTATION_COMMENTS = YES;
				CLANG_WARN_EMPTY_BODY = YES;
				CLANG_WARN_ENUM_CONVERSION = YES;
				CLANG_WARN_INFINITE_RECURSION = YES;
				CLANG_WARN_INT_CONVERSION = YES;
				CLANG_WARN_NON_LITERAL_NULL_CONVERSION = YES;
				CLANG_WARN_OBJC_IMPLICIT_RETAIN_SELF = YES;
				CLANG_WARN_OBJC_LITERAL_CONVERSION = YES;
				CLANG_WARN_OBJC_ROOT_CLASS = YES_ERROR;
				CLANG_WARN_QUOTED_INCLUDE_IN_FRAMEWORK_HEADER = YES;
				CLANG_WARN_RANGE_LOOP_ANALYSIS = YES;
				CLANG_WARN_STRICT_PROTOTYPES = YES;
				CLANG_WARN_SUSPICIOUS_MOVE = YES;
				CLANG_WARN_UNGUARDED_AVAILABILITY = YES_AGGRESSIVE;
				CLANG_WARN_UNREACHABLE_CODE = YES;
				CLANG_WARN__DUPLICATE_METHOD_MATCH = YES;
				COPY_PHASE_STRIP = NO;
				DEBUG_INFORMATION_FORMAT = "dwarf-with-dsym";
				ENABLE_NS_ASSERTIONS = NO;
				ENABLE_STRICT_OBJC_MSGSEND = YES;
				GCC_C_LANGUAGE_STANDARD = gnu11;
				GCC_NO_COMMON_BLOCKS = YES;
				GCC_WARN_64_TO_32_BIT_CONVERSION = YES;
				GCC_WARN_ABOUT_RETURN_TYPE = YES_ERROR;
				GCC_WARN_UNDECLARED_SELECTOR = YES;
				GCC_WARN_UNINITIALIZED_AUTOS = YES_AGGRESSIVE;
				GCC_WARN_UNUSED_FUNCTION = YES;
				GCC_WARN_UNUSED_VARIABLE = YES;
				MACOSX_DEPLOYMENT_TARGET = 11.3;
				MTL_ENABLE_DEBUG_INFO = NO;
				MTL_FAST_MATH = YES;
				SDKROOT = macosx;
				SWIFT_COMPILATION_MODE = wholemodule;
				SWIFT_OPTIMIZATION_LEVEL = "-O";
			};
			name = Release;
		};
		0E82BBCF2705C63A00BD6434 /* Debug */ = {
			isa = XCBuildConfiguration;
			buildSettings = {
				CODE_SIGN_STYLE = Automatic;
				DEVELOPMENT_TEAM = C7DL9Y9A7R;
				ENABLE_HARDENED_RUNTIME = YES;
				PRODUCT_NAME = "$(TARGET_NAME)";
				SWIFT_VERSION = 5.0;
			};
			name = Debug;
		};
		0E82BBD02705C63A00BD6434 /* Release */ = {
			isa = XCBuildConfiguration;
			buildSettings = {
				CODE_SIGN_STYLE = Automatic;
				DEVELOPMENT_TEAM = C7DL9Y9A7R;
				ENABLE_HARDENED_RUNTIME = YES;
				PRODUCT_NAME = "$(TARGET_NAME)";
				SWIFT_VERSION = 5.0;
			};
			name = Release;
		};
		0E8F081227088FD100FBF026 /* Debug */ = {
			isa = XCBuildConfiguration;
			buildSettings = {
				ASSETCATALOG_COMPILER_APPICON_NAME = AppIcon;
				ASSETCATALOG_COMPILER_GLOBAL_ACCENT_COLOR_NAME = AccentColor;
				CODE_SIGN_STYLE = Automatic;
				CURRENT_PROJECT_VERSION = 1;
				DEVELOPMENT_ASSET_PATHS = "\"iOS/Preview Content\"";
				DEVELOPMENT_TEAM = C7DL9Y9A7R;
				ENABLE_PREVIEWS = YES;
				GENERATE_INFOPLIST_FILE = YES;
				INFOPLIST_KEY_UIApplicationSceneManifest_Generation = YES;
				INFOPLIST_KEY_UIApplicationSupportsIndirectInputEvents = YES;
				INFOPLIST_KEY_UILaunchScreen_Generation = YES;
				INFOPLIST_KEY_UISupportedInterfaceOrientations_iPad = "UIInterfaceOrientationPortrait UIInterfaceOrientationPortraitUpsideDown UIInterfaceOrientationLandscapeLeft UIInterfaceOrientationLandscapeRight";
				INFOPLIST_KEY_UISupportedInterfaceOrientations_iPhone = "UIInterfaceOrientationPortrait UIInterfaceOrientationLandscapeLeft UIInterfaceOrientationLandscapeRight";
				IPHONEOS_DEPLOYMENT_TARGET = 15.0;
				LD_RUNPATH_SEARCH_PATHS = (
					"$(inherited)",
					"@executable_path/Frameworks",
				);
				MARKETING_VERSION = 1.0;
				PRODUCT_BUNDLE_IDENTIFIER = ca.on.lcs.iOS;
				PRODUCT_NAME = "$(TARGET_NAME)";
				SDKROOT = iphoneos;
				SWIFT_EMIT_LOC_STRINGS = YES;
				SWIFT_VERSION = 5.0;
				TARGETED_DEVICE_FAMILY = "1,2";
			};
			name = Debug;
		};
		0E8F081327088FD100FBF026 /* Release */ = {
			isa = XCBuildConfiguration;
			buildSettings = {
				ASSETCATALOG_COMPILER_APPICON_NAME = AppIcon;
				ASSETCATALOG_COMPILER_GLOBAL_ACCENT_COLOR_NAME = AccentColor;
				CODE_SIGN_STYLE = Automatic;
				CURRENT_PROJECT_VERSION = 1;
				DEVELOPMENT_ASSET_PATHS = "\"iOS/Preview Content\"";
				DEVELOPMENT_TEAM = C7DL9Y9A7R;
				ENABLE_PREVIEWS = YES;
				GENERATE_INFOPLIST_FILE = YES;
				INFOPLIST_KEY_UIApplicationSceneManifest_Generation = YES;
				INFOPLIST_KEY_UIApplicationSupportsIndirectInputEvents = YES;
				INFOPLIST_KEY_UILaunchScreen_Generation = YES;
				INFOPLIST_KEY_UISupportedInterfaceOrientations_iPad = "UIInterfaceOrientationPortrait UIInterfaceOrientationPortraitUpsideDown UIInterfaceOrientationLandscapeLeft UIInterfaceOrientationLandscapeRight";
				INFOPLIST_KEY_UISupportedInterfaceOrientations_iPhone = "UIInterfaceOrientationPortrait UIInterfaceOrientationLandscapeLeft UIInterfaceOrientationLandscapeRight";
				IPHONEOS_DEPLOYMENT_TARGET = 15.0;
				LD_RUNPATH_SEARCH_PATHS = (
					"$(inherited)",
					"@executable_path/Frameworks",
				);
				MARKETING_VERSION = 1.0;
				PRODUCT_BUNDLE_IDENTIFIER = ca.on.lcs.iOS;
				PRODUCT_NAME = "$(TARGET_NAME)";
				SDKROOT = iphoneos;
				SWIFT_EMIT_LOC_STRINGS = YES;
				SWIFT_VERSION = 5.0;
				TARGETED_DEVICE_FAMILY = "1,2";
				VALIDATE_PRODUCT = YES;
			};
			name = Release;
		};
		FB7D0395270B82BC00412D90 /* Debug */ = {
			isa = XCBuildConfiguration;
			buildSettings = {
				CODE_SIGN_STYLE = Automatic;
				CURRENT_PROJECT_VERSION = 1;
				DEVELOPMENT_TEAM = MVTMGC7XMB;
				MARKETING_VERSION = 1.0;
				PRODUCT_BUNDLE_IDENTIFIER = ca.stevenzhang.watchOS;
				PRODUCT_NAME = "$(TARGET_NAME)";
				SDKROOT = iphoneos;
				SWIFT_VERSION = 5.0;
			};
			name = Debug;
		};
		FB7D0396270B82BC00412D90 /* Release */ = {
			isa = XCBuildConfiguration;
			buildSettings = {
				CODE_SIGN_STYLE = Automatic;
				CURRENT_PROJECT_VERSION = 1;
				DEVELOPMENT_TEAM = MVTMGC7XMB;
				MARKETING_VERSION = 1.0;
				PRODUCT_BUNDLE_IDENTIFIER = ca.stevenzhang.watchOS;
				PRODUCT_NAME = "$(TARGET_NAME)";
				SDKROOT = iphoneos;
				SWIFT_VERSION = 5.0;
				VALIDATE_PRODUCT = YES;
			};
			name = Release;
		};
		FB7D0398270B82BC00412D90 /* Debug */ = {
			isa = XCBuildConfiguration;
			buildSettings = {
				ALWAYS_EMBED_SWIFT_STANDARD_LIBRARIES = YES;
				ASSETCATALOG_COMPILER_APPICON_NAME = AppIcon;
				ASSETCATALOG_COMPILER_GLOBAL_ACCENT_COLOR_NAME = AccentColor;
				CODE_SIGN_STYLE = Automatic;
				CURRENT_PROJECT_VERSION = 1;
				DEVELOPMENT_TEAM = MVTMGC7XMB;
				GENERATE_INFOPLIST_FILE = YES;
				IBSC_MODULE = watchOS_WatchKit_Extension;
				INFOPLIST_KEY_CFBundleDisplayName = "watchOS WatchKit App";
				INFOPLIST_KEY_UISupportedInterfaceOrientations = "UIInterfaceOrientationPortrait UIInterfaceOrientationPortraitUpsideDown";
				MARKETING_VERSION = 1.0;
				PRODUCT_BUNDLE_IDENTIFIER = ca.stevenzhang.watchOS.watchkitapp;
				PRODUCT_NAME = "$(TARGET_NAME)";
				SDKROOT = watchos;
				SKIP_INSTALL = YES;
				SWIFT_EMIT_LOC_STRINGS = YES;
				SWIFT_VERSION = 5.0;
				TARGETED_DEVICE_FAMILY = 4;
				WATCHOS_DEPLOYMENT_TARGET = 8.0;
			};
			name = Debug;
		};
		FB7D0399270B82BC00412D90 /* Release */ = {
			isa = XCBuildConfiguration;
			buildSettings = {
				ALWAYS_EMBED_SWIFT_STANDARD_LIBRARIES = YES;
				ASSETCATALOG_COMPILER_APPICON_NAME = AppIcon;
				ASSETCATALOG_COMPILER_GLOBAL_ACCENT_COLOR_NAME = AccentColor;
				CODE_SIGN_STYLE = Automatic;
				CURRENT_PROJECT_VERSION = 1;
				DEVELOPMENT_TEAM = MVTMGC7XMB;
				GENERATE_INFOPLIST_FILE = YES;
				IBSC_MODULE = watchOS_WatchKit_Extension;
				INFOPLIST_KEY_CFBundleDisplayName = "watchOS WatchKit App";
				INFOPLIST_KEY_UISupportedInterfaceOrientations = "UIInterfaceOrientationPortrait UIInterfaceOrientationPortraitUpsideDown";
				MARKETING_VERSION = 1.0;
				PRODUCT_BUNDLE_IDENTIFIER = ca.stevenzhang.watchOS.watchkitapp;
				PRODUCT_NAME = "$(TARGET_NAME)";
				SDKROOT = watchos;
				SKIP_INSTALL = YES;
				SWIFT_EMIT_LOC_STRINGS = YES;
				SWIFT_VERSION = 5.0;
				TARGETED_DEVICE_FAMILY = 4;
				VALIDATE_PRODUCT = YES;
				WATCHOS_DEPLOYMENT_TARGET = 8.0;
			};
			name = Release;
		};
		FB7D039B270B82BC00412D90 /* Debug */ = {
			isa = XCBuildConfiguration;
			buildSettings = {
				ASSETCATALOG_COMPILER_COMPLICATION_NAME = Complication;
				CODE_SIGN_STYLE = Automatic;
				CURRENT_PROJECT_VERSION = 1;
				DEVELOPMENT_ASSET_PATHS = "\"watchOS WatchKit Extension/Preview Content\"";
				DEVELOPMENT_TEAM = MVTMGC7XMB;
				ENABLE_PREVIEWS = YES;
				GENERATE_INFOPLIST_FILE = YES;
				INFOPLIST_FILE = "watchOS WatchKit Extension/Info.plist";
				INFOPLIST_KEY_CFBundleDisplayName = "watchOS WatchKit Extension";
				INFOPLIST_KEY_CLKComplicationPrincipalClass = "$(PRODUCT_MODULE_NAME).ComplicationController";
				INFOPLIST_KEY_NSHumanReadableCopyright = "";
				INFOPLIST_KEY_WKWatchOnly = YES;
				LD_RUNPATH_SEARCH_PATHS = (
					"$(inherited)",
					"@executable_path/Frameworks",
					"@executable_path/../../Frameworks",
				);
				MARKETING_VERSION = 1.0;
				PRODUCT_BUNDLE_IDENTIFIER = ca.stevenzhang.watchOS.watchkitapp.watchkitextension;
				PRODUCT_NAME = "${TARGET_NAME}";
				SDKROOT = watchos;
				SKIP_INSTALL = YES;
				SWIFT_EMIT_LOC_STRINGS = YES;
				SWIFT_VERSION = 5.0;
				TARGETED_DEVICE_FAMILY = 4;
				WATCHOS_DEPLOYMENT_TARGET = 8.0;
			};
			name = Debug;
		};
		FB7D039C270B82BC00412D90 /* Release */ = {
			isa = XCBuildConfiguration;
			buildSettings = {
				ASSETCATALOG_COMPILER_COMPLICATION_NAME = Complication;
				CODE_SIGN_STYLE = Automatic;
				CURRENT_PROJECT_VERSION = 1;
				DEVELOPMENT_ASSET_PATHS = "\"watchOS WatchKit Extension/Preview Content\"";
				DEVELOPMENT_TEAM = MVTMGC7XMB;
				ENABLE_PREVIEWS = YES;
				GENERATE_INFOPLIST_FILE = YES;
				INFOPLIST_FILE = "watchOS WatchKit Extension/Info.plist";
				INFOPLIST_KEY_CFBundleDisplayName = "watchOS WatchKit Extension";
				INFOPLIST_KEY_CLKComplicationPrincipalClass = "$(PRODUCT_MODULE_NAME).ComplicationController";
				INFOPLIST_KEY_NSHumanReadableCopyright = "";
				INFOPLIST_KEY_WKWatchOnly = YES;
				LD_RUNPATH_SEARCH_PATHS = (
					"$(inherited)",
					"@executable_path/Frameworks",
					"@executable_path/../../Frameworks",
				);
				MARKETING_VERSION = 1.0;
				PRODUCT_BUNDLE_IDENTIFIER = ca.stevenzhang.watchOS.watchkitapp.watchkitextension;
				PRODUCT_NAME = "${TARGET_NAME}";
				SDKROOT = watchos;
				SKIP_INSTALL = YES;
				SWIFT_EMIT_LOC_STRINGS = YES;
				SWIFT_VERSION = 5.0;
				TARGETED_DEVICE_FAMILY = 4;
				VALIDATE_PRODUCT = YES;
				WATCHOS_DEPLOYMENT_TARGET = 8.0;
			};
			name = Release;
		};
/* End XCBuildConfiguration section */

/* Begin XCConfigurationList section */
		0E82BBC22705C63A00BD6434 /* Build configuration list for PBXProject "Weather" */ = {
			isa = XCConfigurationList;
			buildConfigurations = (
				0E82BBCC2705C63A00BD6434 /* Debug */,
				0E82BBCD2705C63A00BD6434 /* Release */,
			);
			defaultConfigurationIsVisible = 0;
			defaultConfigurationName = Release;
		};
		0E82BBCE2705C63A00BD6434 /* Build configuration list for PBXNativeTarget "Weather" */ = {
			isa = XCConfigurationList;
			buildConfigurations = (
				0E82BBCF2705C63A00BD6434 /* Debug */,
				0E82BBD02705C63A00BD6434 /* Release */,
			);
			defaultConfigurationIsVisible = 0;
			defaultConfigurationName = Release;
		};
		0E8F081127088FD100FBF026 /* Build configuration list for PBXNativeTarget "iOS" */ = {
			isa = XCConfigurationList;
			buildConfigurations = (
				0E8F081227088FD100FBF026 /* Debug */,
				0E8F081327088FD100FBF026 /* Release */,
			);
			defaultConfigurationIsVisible = 0;
			defaultConfigurationName = Release;
		};
		FB7D039D270B82BC00412D90 /* Build configuration list for PBXNativeTarget "watchOS WatchKit Extension" */ = {
			isa = XCConfigurationList;
			buildConfigurations = (
				FB7D039B270B82BC00412D90 /* Debug */,
				FB7D039C270B82BC00412D90 /* Release */,
			);
			defaultConfigurationIsVisible = 0;
			defaultConfigurationName = Release;
		};
		FB7D039E270B82BC00412D90 /* Build configuration list for PBXNativeTarget "watchOS WatchKit App" */ = {
			isa = XCConfigurationList;
			buildConfigurations = (
				FB7D0398270B82BC00412D90 /* Debug */,
				FB7D0399270B82BC00412D90 /* Release */,
			);
			defaultConfigurationIsVisible = 0;
			defaultConfigurationName = Release;
		};
		FB7D039F270B82BC00412D90 /* Build configuration list for PBXNativeTarget "watchOS" */ = {
			isa = XCConfigurationList;
			buildConfigurations = (
				FB7D0395270B82BC00412D90 /* Debug */,
				FB7D0396270B82BC00412D90 /* Release */,
			);
			defaultConfigurationIsVisible = 0;
			defaultConfigurationName = Release;
		};
/* End XCConfigurationList section */
	};
	rootObject = 0E82BBBF2705C63A00BD6434 /* Project object */;
}
